
Microsoft Visual Studio Solution File, Format Version 12.00
# Visual Studio Version 17
VisualStudioVersion = 17.0.32126.317
MinimumVisualStudioVersion = 10.0.40219.1
Project("{8BC9CEB8-8B4A-11D0-8D11-00A0C91BC942}") = "Boss", "Boss\Boss.vcxproj", "{1D706E9C-ED99-4967-A8D2-004003F3918E}"
EndProject
Project("{8BC9CEB8-8B4A-11D0-8D11-00A0C91BC942}") = "Child", "Child\Child.vcxproj", "{51A7776E-17EF-4AD5-AECA-6D3B0214DBBA}"
	ProjectSection(ProjectDependencies) = postProject
		{1D706E9C-ED99-4967-A8D2-004003F3918E} = {1D706E9C-ED99-4967-A8D2-004003F3918E}
	EndProjectSection
EndProject
Project("{8BC9CEB8-8B4A-11D0-8D11-00A0C91BC942}") = "Parent", "Parent\Parent.vcxproj", "{7FCA2DFE-1FA9-48ED-A23C-802CF56817E3}"
	ProjectSection(ProjectDependencies) = postProject
		{1D706E9C-ED99-4967-A8D2-004003F3918E} = {1D706E9C-ED99-4967-A8D2-004003F3918E}
	EndProjectSection
EndProject
Global
	GlobalSection(SolutionConfigurationPlatforms) = preSolution
		Debug|x64 = Debug|x64
		Debug|x86 = Debug|x86
		Release|x64 = Release|x64
		Release|x86 = Release|x86
	EndGlobalSection
	GlobalSection(ProjectConfigurationPlatforms) = postSolution
		{1D706E9C-ED99-4967-A8D2-004003F3918E}.Debug|x64.ActiveCfg = Debug|x64
		{1D706E9C-ED99-4967-A8D2-004003F3918E}.Debug|x64.Build.0 = Debug|x64
		{1D706E9C-ED99-4967-A8D2-004003F3918E}.Debug|x86.ActiveCfg = Debug|Win32
		{1D706E9C-ED99-4967-A8D2-004003F3918E}.Debug|x86.Build.0 = Debug|Win32
		{1D706E9C-ED99-4967-A8D2-004003F3918E}.Release|x64.ActiveCfg = Release|x64
		{1D706E9C-ED99-4967-A8D2-004003F3918E}.Release|x64.Build.0 = Release|x64
		{1D706E9C-ED99-4967-A8D2-004003F3918E}.Release|x86.ActiveCfg = Release|Win32
		{1D706E9C-ED99-4967-A8D2-004003F3918E}.Release|x86.Build.0 = Release|Win32
		{51A7776E-17EF-4AD5-AECA-6D3B0214DBBA}.Debug|x64.ActiveCfg = Debug|x64
		{51A7776E-17EF-4AD5-AECA-6D3B0214DBBA}.Debug|x64.Build.0 = Debug|x64
		{51A7776E-17EF-4AD5-AECA-6D3B0214DBBA}.Debug|x86.ActiveCfg = Debug|Win32
		{51A7776E-17EF-4AD5-AECA-6D3B0214DBBA}.Debug|x86.Build.0 = Debug|Win32
		{51A7776E-17EF-4AD5-AECA-6D3B0214DBBA}.Release|x64.ActiveCfg = Release|x64
		{51A7776E-17EF-4AD5-AECA-6D3B0214DBBA}.Release|x64.Build.0 = Release|x64
		{51A7776E-17EF-4AD5-AECA-6D3B0214DBBA}.Release|x86.ActiveCfg = Release|Win32
		{51A7776E-17EF-4AD5-AECA-6D3B0214DBBA}.Release|x86.Build.0 = Release|Win32
		{7FCA2DFE-1FA9-48ED-A23C-802CF56817E3}.Debug|x64.ActiveCfg = Debug|x64
		{7FCA2DFE-1FA9-48ED-A23C-802CF56817E3}.Debug|x64.Build.0 = Debug|x64
		{7FCA2DFE-1FA9-48ED-A23C-802CF56817E3}.Debug|x86.ActiveCfg = Debug|Win32
		{7FCA2DFE-1FA9-48ED-A23C-802CF56817E3}.Debug|x86.Build.0 = Debug|Win32
		{7FCA2DFE-1FA9-48ED-A23C-802CF56817E3}.Release|x64.ActiveCfg = Release|x64
		{7FCA2DFE-1FA9-48ED-A23C-802CF56817E3}.Release|x64.Build.0 = Release|x64
		{7FCA2DFE-1FA9-48ED-A23C-802CF56817E3}.Release|x86.ActiveCfg = Release|Win32
		{7FCA2DFE-1FA9-48ED-A23C-802CF56817E3}.Release|x86.Build.0 = Release|Win32
	EndGlobalSection
	GlobalSection(SolutionProperties) = preSolution
		HideSolutionNode = FALSE
	EndGlobalSection
	GlobalSection(ExtensibilityGlobals) = postSolution
		SolutionGuid = {EA506893-A441-49B8-B02C-892E05C421F3}
	EndGlobalSection
EndGlobal
