
Microsoft Visual Studio Solution File, Format Version 12.00
# Visual Studio Version 17
VisualStudioVersion = 17.0.32126.317
MinimumVisualStudioVersion = 10.0.40219.1
Project("{8BC9CEB8-8B4A-11D0-8D11-00A0C91BC942}") = "ThreadParent", "ThreadParent\ThreadParent.vcxproj", "{2586F75F-3A22-4CCB-97BE-C33BAE27CB17}"
EndProject
Project("{8BC9CEB8-8B4A-11D0-8D11-00A0C91BC942}") = "Fibonachi", "Fibonachi\Fibonachi.vcxproj", "{D7AA520E-59D6-4DB6-A152-B289B6874002}"
EndProject
Project("{8BC9CEB8-8B4A-11D0-8D11-00A0C91BC942}") = "ThreadChild", "ThreadChild\ThreadChild.vcxproj", "{E71DA7DF-B231-4B2E-9582-35C0DED61849}"
EndProject
Global
	GlobalSection(SolutionConfigurationPlatforms) = preSolution
		Debug|x64 = Debug|x64
		Debug|x86 = Debug|x86
		Release|x64 = Release|x64
		Release|x86 = Release|x86
	EndGlobalSection
	GlobalSection(ProjectConfigurationPlatforms) = postSolution
		{2586F75F-3A22-4CCB-97BE-C33BAE27CB17}.Debug|x64.ActiveCfg = Debug|x64
		{2586F75F-3A22-4CCB-97BE-C33BAE27CB17}.Debug|x64.Build.0 = Debug|x64
		{2586F75F-3A22-4CCB-97BE-C33BAE27CB17}.Debug|x86.ActiveCfg = Debug|Win32
		{2586F75F-3A22-4CCB-97BE-C33BAE27CB17}.Debug|x86.Build.0 = Debug|Win32
		{2586F75F-3A22-4CCB-97BE-C33BAE27CB17}.Release|x64.ActiveCfg = Release|x64
		{2586F75F-3A22-4CCB-97BE-C33BAE27CB17}.Release|x64.Build.0 = Release|x64
		{2586F75F-3A22-4CCB-97BE-C33BAE27CB17}.Release|x86.ActiveCfg = Release|Win32
		{2586F75F-3A22-4CCB-97BE-C33BAE27CB17}.Release|x86.Build.0 = Release|Win32
		{D7AA520E-59D6-4DB6-A152-B289B6874002}.Debug|x64.ActiveCfg = Debug|x64
		{D7AA520E-59D6-4DB6-A152-B289B6874002}.Debug|x64.Build.0 = Debug|x64
		{D7AA520E-59D6-4DB6-A152-B289B6874002}.Debug|x86.ActiveCfg = Debug|Win32
		{D7AA520E-59D6-4DB6-A152-B289B6874002}.Debug|x86.Build.0 = Debug|Win32
		{D7AA520E-59D6-4DB6-A152-B289B6874002}.Release|x64.ActiveCfg = Release|x64
		{D7AA520E-59D6-4DB6-A152-B289B6874002}.Release|x64.Build.0 = Release|x64
		{D7AA520E-59D6-4DB6-A152-B289B6874002}.Release|x86.ActiveCfg = Release|Win32
		{D7AA520E-59D6-4DB6-A152-B289B6874002}.Release|x86.Build.0 = Release|Win32
		{E71DA7DF-B231-4B2E-9582-35C0DED61849}.Debug|x64.ActiveCfg = Debug|x64
		{E71DA7DF-B231-4B2E-9582-35C0DED61849}.Debug|x64.Build.0 = Debug|x64
		{E71DA7DF-B231-4B2E-9582-35C0DED61849}.Debug|x86.ActiveCfg = Debug|Win32
		{E71DA7DF-B231-4B2E-9582-35C0DED61849}.Debug|x86.Build.0 = Debug|Win32
		{E71DA7DF-B231-4B2E-9582-35C0DED61849}.Release|x64.ActiveCfg = Release|x64
		{E71DA7DF-B231-4B2E-9582-35C0DED61849}.Release|x64.Build.0 = Release|x64
		{E71DA7DF-B231-4B2E-9582-35C0DED61849}.Release|x86.ActiveCfg = Release|Win32
		{E71DA7DF-B231-4B2E-9582-35C0DED61849}.Release|x86.Build.0 = Release|Win32
	EndGlobalSection
	GlobalSection(SolutionProperties) = preSolution
		HideSolutionNode = FALSE
	EndGlobalSection
	GlobalSection(ExtensibilityGlobals) = postSolution
		SolutionGuid = {E0EADAA5-03A8-492D-9087-C17830F30FE9}
	EndGlobalSection
EndGlobal
